Microsoft Visual Studio Solution File, Format Version 12.00
# Visual Studio Version 17
VisualStudioVersion = 17.0.31903.59
MinimumVisualStudioVersion = 10.0.40219.1
Project("{FAE04EC0-301F-11D3-BF4B-00C04F79EFBC}") = "remote-stt", "remote-stt\remote-stt.csproj", "{7E1E6790-FFB0-AE25-0ECA-C6291E441B7D}"
EndProject
Project("{FAE04EC0-301F-11D3-BF4B-00C04F79EFBC}") = "ai-assist-library", "ai-assist-library\ai-assist-library.csproj", "{BA02376D-0523-12E7-5309-FFE6E504926F}"
EndProject
Project("{FAE04EC0-301F-11D3-BF4B-00C04F79EFBC}") = "audio-capture", "audio-capture\audio-capture.csproj", "{4246135D-E7EF-4E6B-16C9-CE170FA8627D}"
EndProject
Project("{FAE04EC0-301F-11D3-BF4B-00C04F79EFBC}") = "AiAssistLibrary.Tests", "AiAssistLibrary.Tests\AiAssistLibrary.Tests.csproj", "{EA8FCF82-B937-99D7-7EE2-E261063340CE}"
EndProject
Project("{FAE04EC0-301F-11D3-BF4B-00C04F79EFBC}") = "AiAssistLibrary.IntegrationTests", "AiAssistLibrary.IntegrationTests\AiAssistLibrary.IntegrationTests.csproj", "{C40231F6-6B55-A5A4-6773-0E305169903F}"
EndProject
Project("{FAE04EC0-301F-11D3-BF4B-00C04F79EFBC}") = "documentation", "documentation\documentation.csproj", "{3CBFF5BD-CA7D-4823-A4BB-4E6D4E8E39F5}"
EndProject
Global
	GlobalSection(SolutionConfigurationPlatforms) = preSolution
		Debug|Any CPU = Debug|Any CPU
		Release|Any CPU = Release|Any CPU
	EndGlobalSection
	GlobalSection(ProjectConfigurationPlatforms) = postSolution
		{7E1E6790-FFB0-AE25-0ECA-C6291E441B7D}.Debug|Any CPU.ActiveCfg = Debug|Any CPU
		{7E1E6790-FFB0-AE25-0ECA-C6291E441B7D}.Debug|Any CPU.Build.0 = Debug|Any CPU
		{7E1E6790-FFB0-AE25-0ECA-C6291E441B7D}.Release|Any CPU.ActiveCfg = Release|Any CPU
		{7E1E6790-FFB0-AE25-0ECA-C6291E441B7D}.Release|Any CPU.Build.0 = Release|Any CPU
		{BA02376D-0523-12E7-5309-FFE6E504926F}.Debug|Any CPU.ActiveCfg = Debug|Any CPU
		{BA02376D-0523-12E7-5309-FFE6E504926F}.Debug|Any CPU.Build.0 = Debug|Any CPU
		{BA02376D-0523-12E7-5309-FFE6E504926F}.Release|Any CPU.ActiveCfg = Release|Any CPU
		{BA02376D-0523-12E7-5309-FFE6E504926F}.Release|Any CPU.Build.0 = Release|Any CPU
		{4246135D-E7EF-4E6B-16C9-CE170FA8627D}.Debug|Any CPU.ActiveCfg = Debug|Any CPU
		{4246135D-E7EF-4E6B-16C9-CE170FA8627D}.Debug|Any CPU.Build.0 = Debug|Any CPU
		{4246135D-E7EF-4E6B-16C9-CE170FA8627D}.Release|Any CPU.ActiveCfg = Release|Any CPU
		{4246135D-E7EF-4E6B-16C9-CE170FA8627D}.Release|Any CPU.Build.0 = Release|Any CPU
		{EA8FCF82-B937-99D7-7EE2-E261063340CE}.Debug|Any CPU.ActiveCfg = Debug|Any CPU
		{EA8FCF82-B937-99D7-7EE2-E261063340CE}.Debug|Any CPU.Build.0 = Debug|Any CPU
		{EA8FCF82-B937-99D7-7EE2-E261063340CE}.Release|Any CPU.ActiveCfg = Release|Any CPU
		{EA8FCF82-B937-99D7-7EE2-E261063340CE}.Release|Any CPU.Build.0 = Release|Any CPU
		{C40231F6-6B55-A5A4-6773-0E305169903F}.Debug|Any CPU.ActiveCfg = Debug|Any CPU
		{C40231F6-6B55-A5A4-6773-0E305169903F}.Debug|Any CPU.Build.0 = Debug|Any CPU
		{C40231F6-6B55-A5A4-6773-0E305169903F}.Release|Any CPU.ActiveCfg = Release|Any CPU
		{C40231F6-6B55-A5A4-6773-0E305169903F}.Release|Any CPU.Build.0 = Release|Any CPU
		{3CBFF5BD-CA7D-4823-A4BB-4E6D4E8E39F5}.Debug|Any CPU.ActiveCfg = Debug|Any CPU
		{3CBFF5BD-CA7D-4823-A4BB-4E6D4E8E39F5}.Debug|Any CPU.Build.0 = Debug|Any CPU
		{3CBFF5BD-CA7D-4823-A4BB-4E6D4E8E39F5}.Release|Any CPU.ActiveCfg = Release|Any CPU
		{3CBFF5BD-CA7D-4823-A4BB-4E6D4E8E39F5}.Release|Any CPU.Build.0 = Release|Any CPU
	EndGlobalSection
	GlobalSection(SolutionProperties) = preSolution
		HideSolutionNode = FALSE
	EndGlobalSection
	GlobalSection(ExtensibilityGlobals) = postSolution
		SolutionGuid = {2F8EF9A2-A5B7-4FC1-A09A-14A089378423}
	EndGlobalSection
EndGlobal
