Microsoft Visual Studio Solution File, Format Version 12.00
# Visual Studio Version 17
VisualStudioVersion = 17.5.2.0
MinimumVisualStudioVersion = 10.0.40219.1
Project("{FAE04EC0-301F-11D3-BF4B-00C04F79EFBC}") = "documentation", "documentation.csproj", "{65D65823-375B-DB23-D97C-3BE0F1BB12AB}"
EndProject
Global
	GlobalSection(SolutionConfigurationPlatforms) = preSolution
		Debug|Any CPU = Debug|Any CPU
		Release|Any CPU = Release|Any CPU
	EndGlobalSection
	GlobalSection(ProjectConfigurationPlatforms) = postSolution
		{65D65823-375B-DB23-D97C-3BE0F1BB12AB}.Debug|Any CPU.ActiveCfg = Debug|Any CPU
		{65D65823-375B-DB23-D97C-3BE0F1BB12AB}.Debug|Any CPU.Build.0 = Debug|Any CPU
		{65D65823-375B-DB23-D97C-3BE0F1BB12AB}.Release|Any CPU.ActiveCfg = Release|Any CPU
		{65D65823-375B-DB23-D97C-3BE0F1BB12AB}.Release|Any CPU.Build.0 = Release|Any CPU
	EndGlobalSection
	GlobalSection(SolutionProperties) = preSolution
		HideSolutionNode = FALSE
	EndGlobalSection
	GlobalSection(ExtensibilityGlobals) = postSolution
		SolutionGuid = {438B5060-C3D6-471F-A106-E1BB72D533FD}
	EndGlobalSection
EndGlobal
